// !$*UTF8*$!
{
	archiveVersion = 1;
	classes = {
	};
	objectVersion = 55;
	objects = {

/* Begin PBXBuildFile section */
		1E04202A28F47CB7009998A9 /* AdDetailPresenter.swift in Sources */ = {isa = PBXBuildFile; fileRef = 1E04202228F47CB7009998A9 /* AdDetailPresenter.swift */; };
		1E04202B28F47CB7009998A9 /* AdDetailRouter.swift in Sources */ = {isa = PBXBuildFile; fileRef = 1E04202328F47CB7009998A9 /* AdDetailRouter.swift */; };
		1E04202C28F47CB7009998A9 /* AdDetailProtocols.swift in Sources */ = {isa = PBXBuildFile; fileRef = 1E04202428F47CB7009998A9 /* AdDetailProtocols.swift */; };
		1E04202D28F47CB7009998A9 /* AdDetailInteractor.swift in Sources */ = {isa = PBXBuildFile; fileRef = 1E04202528F47CB7009998A9 /* AdDetailInteractor.swift */; };
		1E04202E28F47CB7009998A9 /* AdDetailView.swift in Sources */ = {isa = PBXBuildFile; fileRef = 1E04202628F47CB7009998A9 /* AdDetailView.swift */; };
		1E04202F28F47CB7009998A9 /* AdDetailViewModel.swift in Sources */ = {isa = PBXBuildFile; fileRef = 1E04202728F47CB7009998A9 /* AdDetailViewModel.swift */; };
		1E04203828F4D1E4009998A9 /* CategoryButton.swift in Sources */ = {isa = PBXBuildFile; fileRef = 1E04203728F4D1E4009998A9 /* CategoryButton.swift */; };
		1E04203A28F5875A009998A9 /* Colors.xcassets in Resources */ = {isa = PBXBuildFile; fileRef = 1E04203928F5875A009998A9 /* Colors.xcassets */; };
		1E04203C28F588DF009998A9 /* Colors.swift in Sources */ = {isa = PBXBuildFile; fileRef = 1E04203B28F588DF009998A9 /* Colors.swift */; };
		1E8A237528F1847600ABCA5F /* AppDelegate.swift in Sources */ = {isa = PBXBuildFile; fileRef = 1E8A237428F1847600ABCA5F /* AppDelegate.swift */; };
		1E8A237E28F1847800ABCA5F /* Assets.xcassets in Resources */ = {isa = PBXBuildFile; fileRef = 1E8A237D28F1847800ABCA5F /* Assets.xcassets */; };
		1E8A238C28F1847800ABCA5F /* NetworkServiceTests.swift in Sources */ = {isa = PBXBuildFile; fileRef = 1E8A238B28F1847800ABCA5F /* NetworkServiceTests.swift */; };
		1E8A239628F1847800ABCA5F /* QuickAdsUITests.swift in Sources */ = {isa = PBXBuildFile; fileRef = 1E8A239528F1847800ABCA5F /* QuickAdsUITests.swift */; };
		1E8A239828F1847800ABCA5F /* QuickAdsUITestsLaunchTests.swift in Sources */ = {isa = PBXBuildFile; fileRef = 1E8A239728F1847800ABCA5F /* QuickAdsUITestsLaunchTests.swift */; };
		1E8A23AE28F1849B00ABCA5F /* AdsFilter.swift in Sources */ = {isa = PBXBuildFile; fileRef = 1E8A23A628F1849B00ABCA5F /* AdsFilter.swift */; };
		1E8A23AF28F1849B00ABCA5F /* Category.swift in Sources */ = {isa = PBXBuildFile; fileRef = 1E8A23A828F1849B00ABCA5F /* Category.swift */; };
		1E8A23B028F1849B00ABCA5F /* ClassifiedAd.swift in Sources */ = {isa = PBXBuildFile; fileRef = 1E8A23AA28F1849B00ABCA5F /* ClassifiedAd.swift */; };
		1E8A23B128F1849B00ABCA5F /* NetworkService.swift in Sources */ = {isa = PBXBuildFile; fileRef = 1E8A23AD28F1849B00ABCA5F /* NetworkService.swift */; };
		1E8A23B428F18E3B00ABCA5F /* MockedDecoder.swift in Sources */ = {isa = PBXBuildFile; fileRef = 1E8A23B328F18E3B00ABCA5F /* MockedDecoder.swift */; };
		1E8A23B628F196D600ABCA5F /* MockedURLSession.swift in Sources */ = {isa = PBXBuildFile; fileRef = 1E8A23B528F196D600ABCA5F /* MockedURLSession.swift */; };
		1E8A23B828F2D8D900ABCA5F /* MainCoordinator.swift in Sources */ = {isa = PBXBuildFile; fileRef = 1E8A23B728F2D8D900ABCA5F /* MainCoordinator.swift */; };
		1E8A23FC28F2F1A800ABCA5F /* LaunchScreen.storyboard in Resources */ = {isa = PBXBuildFile; fileRef = 1E8A23FB28F2F1A800ABCA5F /* LaunchScreen.storyboard */; };
		1E8A240628F2F33100ABCA5F /* AdsListPresenter.swift in Sources */ = {isa = PBXBuildFile; fileRef = 1E8A23FE28F2F33100ABCA5F /* AdsListPresenter.swift */; };
		1E8A240728F2F33100ABCA5F /* AdsListRouter.swift in Sources */ = {isa = PBXBuildFile; fileRef = 1E8A23FF28F2F33100ABCA5F /* AdsListRouter.swift */; };
		1E8A240828F2F33100ABCA5F /* AdsListProtocols.swift in Sources */ = {isa = PBXBuildFile; fileRef = 1E8A240028F2F33100ABCA5F /* AdsListProtocols.swift */; };
		1E8A240928F2F33100ABCA5F /* AdsListInteractor.swift in Sources */ = {isa = PBXBuildFile; fileRef = 1E8A240128F2F33100ABCA5F /* AdsListInteractor.swift */; };
		1E8A240A28F2F33100ABCA5F /* AdsListView.swift in Sources */ = {isa = PBXBuildFile; fileRef = 1E8A240228F2F33100ABCA5F /* AdsListView.swift */; };
		1E8A240B28F2F33100ABCA5F /* AdsListViewModel.swift in Sources */ = {isa = PBXBuildFile; fileRef = 1E8A240328F2F33100ABCA5F /* AdsListViewModel.swift */; };
		1E8A240E28F30BBD00ABCA5F /* AdCollectionViewCell.swift in Sources */ = {isa = PBXBuildFile; fileRef = 1E8A240D28F30BBD00ABCA5F /* AdCollectionViewCell.swift */; };
		1E8A241128F30DCD00ABCA5F /* ConstraintMaker.swift in Sources */ = {isa = PBXBuildFile; fileRef = 1E8A241028F30DCD00ABCA5F /* ConstraintMaker.swift */; };
		1E8A241328F3154B00ABCA5F /* ViewFactory.swift in Sources */ = {isa = PBXBuildFile; fileRef = 1E8A241228F3154B00ABCA5F /* ViewFactory.swift */; };
		1EC0DE6428F6A67C00D5BCE2 /* UIView+ConstraintMaker.swift in Sources */ = {isa = PBXBuildFile; fileRef = 1EC0DE6328F6A67C00D5BCE2 /* UIView+ConstraintMaker.swift */; };
		1EC0DE6628F6BB0700D5BCE2 /* AdModel.swift in Sources */ = {isa = PBXBuildFile; fileRef = 1EC0DE6528F6BB0700D5BCE2 /* AdModel.swift */; };
		1EC0DE6928F6BE9C00D5BCE2 /* AdDetailRouterTests.swift in Sources */ = {isa = PBXBuildFile; fileRef = 1EC0DE6828F6BE9C00D5BCE2 /* AdDetailRouterTests.swift */; };
		1EC0DE6B28F6C39E00D5BCE2 /* AdDetailsPresenterTests.swift in Sources */ = {isa = PBXBuildFile; fileRef = 1EC0DE6A28F6C39E00D5BCE2 /* AdDetailsPresenterTests.swift */; };
		1EC0DE6E28F6C4CC00D5BCE2 /* MockedAdDetailInteractor.swift in Sources */ = {isa = PBXBuildFile; fileRef = 1EC0DE6D28F6C4CC00D5BCE2 /* MockedAdDetailInteractor.swift */; };
		1EC0DE7028F6C57000D5BCE2 /* MockedAdDetailView.swift in Sources */ = {isa = PBXBuildFile; fileRef = 1EC0DE6F28F6C57000D5BCE2 /* MockedAdDetailView.swift */; };
		1EC0DE7228F6C5DC00D5BCE2 /* ModedAdDetailRouter.swift in Sources */ = {isa = PBXBuildFile; fileRef = 1EC0DE7128F6C5DB00D5BCE2 /* ModedAdDetailRouter.swift */; };
		1EC0DE7728F6F18600D5BCE2 /* MockedAdsListPresenter.swift in Sources */ = {isa = PBXBuildFile; fileRef = 1EC0DE7628F6F18600D5BCE2 /* MockedAdsListPresenter.swift */; };
		1EC0DE7B28F6F75E00D5BCE2 /* AdsListInteractorTest.swift in Sources */ = {isa = PBXBuildFile; fileRef = 1EC0DE7A28F6F75E00D5BCE2 /* AdsListInteractorTest.swift */; };
		1EC0DE7D28F6F7B800D5BCE2 /* MockedNetworkService.swift in Sources */ = {isa = PBXBuildFile; fileRef = 1EC0DE7C28F6F7B800D5BCE2 /* MockedNetworkService.swift */; };
		1EFE755E28F3321D00D5FA79 /* UIImageView+AsyncLoading.swift in Sources */ = {isa = PBXBuildFile; fileRef = 1EFE755D28F3321D00D5FA79 /* UIImageView+AsyncLoading.swift */; };
		1EFE756028F4355A00D5FA79 /* CategoriesFilterView.swift in Sources */ = {isa = PBXBuildFile; fileRef = 1EFE755F28F4355A00D5FA79 /* CategoriesFilterView.swift */; };
/* End PBXBuildFile section */

/* Begin PBXContainerItemProxy section */
		1E8A238828F1847800ABCA5F /* PBXContainerItemProxy */ = {
			isa = PBXContainerItemProxy;
			containerPortal = 1E8A236928F1847600ABCA5F /* Project object */;
			proxyType = 1;
			remoteGlobalIDString = 1E8A237028F1847600ABCA5F;
			remoteInfo = QuickAds;
		};
		1E8A239228F1847800ABCA5F /* PBXContainerItemProxy */ = {
			isa = PBXContainerItemProxy;
			containerPortal = 1E8A236928F1847600ABCA5F /* Project object */;
			proxyType = 1;
			remoteGlobalIDString = 1E8A237028F1847600ABCA5F;
			remoteInfo = QuickAds;
		};
/* End PBXContainerItemProxy section */

/* Begin PBXFileReference section */
		1E04202228F47CB7009998A9 /* AdDetailPresenter.swift */ = {isa = PBXFileReference; lastKnownFileType = sourcecode.swift; path = AdDetailPresenter.swift; sourceTree = "<group>"; };
		1E04202328F47CB7009998A9 /* AdDetailRouter.swift */ = {isa = PBXFileReference; lastKnownFileType = sourcecode.swift; path = AdDetailRouter.swift; sourceTree = "<group>"; };
		1E04202428F47CB7009998A9 /* AdDetailProtocols.swift */ = {isa = PBXFileReference; lastKnownFileType = sourcecode.swift; path = AdDetailProtocols.swift; sourceTree = "<group>"; };
		1E04202528F47CB7009998A9 /* AdDetailInteractor.swift */ = {isa = PBXFileReference; lastKnownFileType = sourcecode.swift; path = AdDetailInteractor.swift; sourceTree = "<group>"; };
		1E04202628F47CB7009998A9 /* AdDetailView.swift */ = {isa = PBXFileReference; lastKnownFileType = sourcecode.swift; path = AdDetailView.swift; sourceTree = "<group>"; };
		1E04202728F47CB7009998A9 /* AdDetailViewModel.swift */ = {isa = PBXFileReference; lastKnownFileType = sourcecode.swift; path = AdDetailViewModel.swift; sourceTree = "<group>"; };
		1E04203728F4D1E4009998A9 /* CategoryButton.swift */ = {isa = PBXFileReference; lastKnownFileType = sourcecode.swift; path = CategoryButton.swift; sourceTree = "<group>"; };
		1E04203928F5875A009998A9 /* Colors.xcassets */ = {isa = PBXFileReference; lastKnownFileType = folder.assetcatalog; path = Colors.xcassets; sourceTree = "<group>"; };
		1E04203B28F588DF009998A9 /* Colors.swift */ = {isa = PBXFileReference; lastKnownFileType = sourcecode.swift; path = Colors.swift; sourceTree = "<group>"; };
		1E8A237128F1847600ABCA5F /* QuickAds.app */ = {isa = PBXFileReference; explicitFileType = wrapper.application; includeInIndex = 0; path = QuickAds.app; sourceTree = BUILT_PRODUCTS_DIR; };
		1E8A237428F1847600ABCA5F /* AppDelegate.swift */ = {isa = PBXFileReference; lastKnownFileType = sourcecode.swift; path = AppDelegate.swift; sourceTree = "<group>"; };
		1E8A237D28F1847800ABCA5F /* Assets.xcassets */ = {isa = PBXFileReference; lastKnownFileType = folder.assetcatalog; path = Assets.xcassets; sourceTree = "<group>"; };
		1E8A238228F1847800ABCA5F /* Info.plist */ = {isa = PBXFileReference; lastKnownFileType = text.plist.xml; path = Info.plist; sourceTree = "<group>"; };
		1E8A238728F1847800ABCA5F /* QuickAdsTests.xctest */ = {isa = PBXFileReference; explicitFileType = wrapper.cfbundle; includeInIndex = 0; path = QuickAdsTests.xctest; sourceTree = BUILT_PRODUCTS_DIR; };
		1E8A238B28F1847800ABCA5F /* NetworkServiceTests.swift */ = {isa = PBXFileReference; lastKnownFileType = sourcecode.swift; path = NetworkServiceTests.swift; sourceTree = "<group>"; };
		1E8A239128F1847800ABCA5F /* QuickAdsUITests.xctest */ = {isa = PBXFileReference; explicitFileType = wrapper.cfbundle; includeInIndex = 0; path = QuickAdsUITests.xctest; sourceTree = BUILT_PRODUCTS_DIR; };
		1E8A239528F1847800ABCA5F /* QuickAdsUITests.swift */ = {isa = PBXFileReference; lastKnownFileType = sourcecode.swift; path = QuickAdsUITests.swift; sourceTree = "<group>"; };
		1E8A239728F1847800ABCA5F /* QuickAdsUITestsLaunchTests.swift */ = {isa = PBXFileReference; lastKnownFileType = sourcecode.swift; path = QuickAdsUITestsLaunchTests.swift; sourceTree = "<group>"; };
		1E8A23A628F1849B00ABCA5F /* AdsFilter.swift */ = {isa = PBXFileReference; fileEncoding = 4; lastKnownFileType = sourcecode.swift; path = AdsFilter.swift; sourceTree = "<group>"; };
		1E8A23A828F1849B00ABCA5F /* Category.swift */ = {isa = PBXFileReference; fileEncoding = 4; lastKnownFileType = sourcecode.swift; path = Category.swift; sourceTree = "<group>"; };
		1E8A23AA28F1849B00ABCA5F /* ClassifiedAd.swift */ = {isa = PBXFileReference; fileEncoding = 4; lastKnownFileType = sourcecode.swift; path = ClassifiedAd.swift; sourceTree = "<group>"; };
		1E8A23AD28F1849B00ABCA5F /* NetworkService.swift */ = {isa = PBXFileReference; fileEncoding = 4; lastKnownFileType = sourcecode.swift; path = NetworkService.swift; sourceTree = "<group>"; };
		1E8A23B328F18E3B00ABCA5F /* MockedDecoder.swift */ = {isa = PBXFileReference; lastKnownFileType = sourcecode.swift; path = MockedDecoder.swift; sourceTree = "<group>"; };
		1E8A23B528F196D600ABCA5F /* MockedURLSession.swift */ = {isa = PBXFileReference; lastKnownFileType = sourcecode.swift; path = MockedURLSession.swift; sourceTree = "<group>"; };
		1E8A23B728F2D8D900ABCA5F /* MainCoordinator.swift */ = {isa = PBXFileReference; lastKnownFileType = sourcecode.swift; path = MainCoordinator.swift; sourceTree = "<group>"; };
		1E8A23FB28F2F1A800ABCA5F /* LaunchScreen.storyboard */ = {isa = PBXFileReference; fileEncoding = 4; lastKnownFileType = file.storyboard; path = LaunchScreen.storyboard; sourceTree = "<group>"; };
		1E8A23FE28F2F33100ABCA5F /* AdsListPresenter.swift */ = {isa = PBXFileReference; lastKnownFileType = sourcecode.swift; path = AdsListPresenter.swift; sourceTree = "<group>"; };
		1E8A23FF28F2F33100ABCA5F /* AdsListRouter.swift */ = {isa = PBXFileReference; lastKnownFileType = sourcecode.swift; path = AdsListRouter.swift; sourceTree = "<group>"; };
		1E8A240028F2F33100ABCA5F /* AdsListProtocols.swift */ = {isa = PBXFileReference; lastKnownFileType = sourcecode.swift; path = AdsListProtocols.swift; sourceTree = "<group>"; };
		1E8A240128F2F33100ABCA5F /* AdsListInteractor.swift */ = {isa = PBXFileReference; lastKnownFileType = sourcecode.swift; path = AdsListInteractor.swift; sourceTree = "<group>"; };
		1E8A240228F2F33100ABCA5F /* AdsListView.swift */ = {isa = PBXFileReference; lastKnownFileType = sourcecode.swift; path = AdsListView.swift; sourceTree = "<group>"; };
		1E8A240328F2F33100ABCA5F /* AdsListViewModel.swift */ = {isa = PBXFileReference; lastKnownFileType = sourcecode.swift; path = AdsListViewModel.swift; sourceTree = "<group>"; };
		1E8A240D28F30BBD00ABCA5F /* AdCollectionViewCell.swift */ = {isa = PBXFileReference; lastKnownFileType = sourcecode.swift; path = AdCollectionViewCell.swift; sourceTree = "<group>"; };
		1E8A241028F30DCD00ABCA5F /* ConstraintMaker.swift */ = {isa = PBXFileReference; lastKnownFileType = sourcecode.swift; path = ConstraintMaker.swift; sourceTree = "<group>"; };
		1E8A241228F3154B00ABCA5F /* ViewFactory.swift */ = {isa = PBXFileReference; lastKnownFileType = sourcecode.swift; path = ViewFactory.swift; sourceTree = "<group>"; };
		1EC0DE6328F6A67C00D5BCE2 /* UIView+ConstraintMaker.swift */ = {isa = PBXFileReference; lastKnownFileType = sourcecode.swift; path = "UIView+ConstraintMaker.swift"; sourceTree = "<group>"; };
		1EC0DE6528F6BB0700D5BCE2 /* AdModel.swift */ = {isa = PBXFileReference; lastKnownFileType = sourcecode.swift; path = AdModel.swift; sourceTree = "<group>"; };
		1EC0DE6828F6BE9C00D5BCE2 /* AdDetailRouterTests.swift */ = {isa = PBXFileReference; lastKnownFileType = sourcecode.swift; path = AdDetailRouterTests.swift; sourceTree = "<group>"; };
		1EC0DE6A28F6C39E00D5BCE2 /* AdDetailsPresenterTests.swift */ = {isa = PBXFileReference; lastKnownFileType = sourcecode.swift; path = AdDetailsPresenterTests.swift; sourceTree = "<group>"; };
		1EC0DE6D28F6C4CC00D5BCE2 /* MockedAdDetailInteractor.swift */ = {isa = PBXFileReference; lastKnownFileType = sourcecode.swift; path = MockedAdDetailInteractor.swift; sourceTree = "<group>"; };
		1EC0DE6F28F6C57000D5BCE2 /* MockedAdDetailView.swift */ = {isa = PBXFileReference; lastKnownFileType = sourcecode.swift; path = MockedAdDetailView.swift; sourceTree = "<group>"; };
		1EC0DE7128F6C5DB00D5BCE2 /* ModedAdDetailRouter.swift */ = {isa = PBXFileReference; lastKnownFileType = sourcecode.swift; path = ModedAdDetailRouter.swift; sourceTree = "<group>"; };
		1EC0DE7628F6F18600D5BCE2 /* MockedAdsListPresenter.swift */ = {isa = PBXFileReference; lastKnownFileType = sourcecode.swift; path = MockedAdsListPresenter.swift; sourceTree = "<group>"; };
		1EC0DE7A28F6F75E00D5BCE2 /* AdsListInteractorTest.swift */ = {isa = PBXFileReference; lastKnownFileType = sourcecode.swift; path = AdsListInteractorTest.swift; sourceTree = "<group>"; };
		1EC0DE7C28F6F7B800D5BCE2 /* MockedNetworkService.swift */ = {isa = PBXFileReference; lastKnownFileType = sourcecode.swift; path = MockedNetworkService.swift; sourceTree = "<group>"; };
		1EFE755D28F3321D00D5FA79 /* UIImageView+AsyncLoading.swift */ = {isa = PBXFileReference; lastKnownFileType = sourcecode.swift; path = "UIImageView+AsyncLoading.swift"; sourceTree = "<group>"; };
		1EFE755F28F4355A00D5FA79 /* CategoriesFilterView.swift */ = {isa = PBXFileReference; lastKnownFileType = sourcecode.swift; path = CategoriesFilterView.swift; sourceTree = "<group>"; };
/* End PBXFileReference section */

/* Begin PBXFrameworksBuildPhase section */
		1E8A236E28F1847600ABCA5F /* Frameworks */ = {
			isa = PBXFrameworksBuildPhase;
			buildActionMask = 2147483647;
			files = (
			);
			runOnlyForDeploymentPostprocessing = 0;
		};
		1E8A238428F1847800ABCA5F /* Frameworks */ = {
			isa = PBXFrameworksBuildPhase;
			buildActionMask = 2147483647;
			files = (
			);
			runOnlyForDeploymentPostprocessing = 0;
		};
		1E8A238E28F1847800ABCA5F /* Frameworks */ = {
			isa = PBXFrameworksBuildPhase;
			buildActionMask = 2147483647;
			files = (
			);
			runOnlyForDeploymentPostprocessing = 0;
		};
/* End PBXFrameworksBuildPhase section */

/* Begin PBXGroup section */
		1E04203628F4CFAF009998A9 /* View */ = {
			isa = PBXGroup;
			children = (
				1EFE755F28F4355A00D5FA79 /* CategoriesFilterView.swift */,
				1E04203728F4D1E4009998A9 /* CategoryButton.swift */,
			);
			path = View;
			sourceTree = "<group>";
		};
		1E8A236828F1847600ABCA5F = {
			isa = PBXGroup;
			children = (
				1E8A237328F1847600ABCA5F /* QuickAds */,
				1E8A238A28F1847800ABCA5F /* QuickAdsTests */,
				1E8A239428F1847800ABCA5F /* QuickAdsUITests */,
				1E8A237228F1847600ABCA5F /* Products */,
			);
			sourceTree = "<group>";
		};
		1E8A237228F1847600ABCA5F /* Products */ = {
			isa = PBXGroup;
			children = (
				1E8A237128F1847600ABCA5F /* QuickAds.app */,
				1E8A238728F1847800ABCA5F /* QuickAdsTests.xctest */,
				1E8A239128F1847800ABCA5F /* QuickAdsUITests.xctest */,
			);
			name = Products;
			sourceTree = "<group>";
		};
		1E8A237328F1847600ABCA5F /* QuickAds */ = {
			isa = PBXGroup;
			children = (
				1E8A240F28F30DB300ABCA5F /* Utils */,
				1E8A23A428F1849B00ABCA5F /* App */,
				1E8A23AC28F1849B00ABCA5F /* Services */,
				1E8A237428F1847600ABCA5F /* AppDelegate.swift */,
				1E8A23FB28F2F1A800ABCA5F /* LaunchScreen.storyboard */,
				1E8A237D28F1847800ABCA5F /* Assets.xcassets */,
				1E04203928F5875A009998A9 /* Colors.xcassets */,
				1E8A238228F1847800ABCA5F /* Info.plist */,
			);
			path = QuickAds;
			sourceTree = "<group>";
		};
		1E8A238A28F1847800ABCA5F /* QuickAdsTests */ = {
			isa = PBXGroup;
			children = (
				1EC0DE7528F6F14800D5BCE2 /* NetworkService */,
				1EC0DE7328F6F13200D5BCE2 /* AdsList */,
				1EC0DE6728F6BE5C00D5BCE2 /* AdDetail */,
			);
			path = QuickAdsTests;
			sourceTree = "<group>";
		};
		1E8A239428F1847800ABCA5F /* QuickAdsUITests */ = {
			isa = PBXGroup;
			children = (
				1E8A239528F1847800ABCA5F /* QuickAdsUITests.swift */,
				1E8A239728F1847800ABCA5F /* QuickAdsUITestsLaunchTests.swift */,
			);
			path = QuickAdsUITests;
			sourceTree = "<group>";
		};
		1E8A23A428F1849B00ABCA5F /* App */ = {
			isa = PBXGroup;
			children = (
				1E8A23A928F1849B00ABCA5F /* AdDetail */,
				1E8A23AB28F1849B00ABCA5F /* AdsList */,
				1E8A23B728F2D8D900ABCA5F /* MainCoordinator.swift */,
			);
			path = App;
			sourceTree = "<group>";
		};
		1E8A23A928F1849B00ABCA5F /* AdDetail */ = {
			isa = PBXGroup;
			children = (
				1E04202228F47CB7009998A9 /* AdDetailPresenter.swift */,
				1E04202328F47CB7009998A9 /* AdDetailRouter.swift */,
				1E04202428F47CB7009998A9 /* AdDetailProtocols.swift */,
				1E04202528F47CB7009998A9 /* AdDetailInteractor.swift */,
				1E04202628F47CB7009998A9 /* AdDetailView.swift */,
				1E04202728F47CB7009998A9 /* AdDetailViewModel.swift */,
				1EC0DE6528F6BB0700D5BCE2 /* AdModel.swift */,
			);
			path = AdDetail;
			sourceTree = "<group>";
		};
		1E8A23AB28F1849B00ABCA5F /* AdsList */ = {
			isa = PBXGroup;
			children = (
				1E04203628F4CFAF009998A9 /* View */,
				1EFE756228F4358F00D5FA79 /* Cell */,
				1EFE756128F4358200D5FA79 /* Models */,
				1E8A23FE28F2F33100ABCA5F /* AdsListPresenter.swift */,
				1E8A23FF28F2F33100ABCA5F /* AdsListRouter.swift */,
				1E8A240028F2F33100ABCA5F /* AdsListProtocols.swift */,
				1E8A240128F2F33100ABCA5F /* AdsListInteractor.swift */,
				1E8A240228F2F33100ABCA5F /* AdsListView.swift */,
				1E8A240328F2F33100ABCA5F /* AdsListViewModel.swift */,
			);
			path = AdsList;
			sourceTree = "<group>";
		};
		1E8A23AC28F1849B00ABCA5F /* Services */ = {
			isa = PBXGroup;
			children = (
				1E8A23AD28F1849B00ABCA5F /* NetworkService.swift */,
			);
			path = Services;
			sourceTree = "<group>";
		};
		1E8A23B228F18DE900ABCA5F /* Mock */ = {
			isa = PBXGroup;
			children = (
				1E8A23B328F18E3B00ABCA5F /* MockedDecoder.swift */,
				1E8A23B528F196D600ABCA5F /* MockedURLSession.swift */,
			);
			path = Mock;
			sourceTree = "<group>";
		};
		1E8A240F28F30DB300ABCA5F /* Utils */ = {
			isa = PBXGroup;
			children = (
				1E8A241028F30DCD00ABCA5F /* ConstraintMaker.swift */,
				1EC0DE6328F6A67C00D5BCE2 /* UIView+ConstraintMaker.swift */,
				1EFE755D28F3321D00D5FA79 /* UIImageView+AsyncLoading.swift */,
				1E8A241228F3154B00ABCA5F /* ViewFactory.swift */,
				1E04203B28F588DF009998A9 /* Colors.swift */,
			);
			path = Utils;
			sourceTree = "<group>";
		};
		1EC0DE6728F6BE5C00D5BCE2 /* AdDetail */ = {
			isa = PBXGroup;
			children = (
				1EC0DE6C28F6C3EC00D5BCE2 /* Mock */,
				1EC0DE6828F6BE9C00D5BCE2 /* AdDetailRouterTests.swift */,
				1EC0DE6A28F6C39E00D5BCE2 /* AdDetailsPresenterTests.swift */,
			);
			path = AdDetail;
			sourceTree = "<group>";
		};
		1EC0DE6C28F6C3EC00D5BCE2 /* Mock */ = {
			isa = PBXGroup;
			children = (
				1EC0DE6D28F6C4CC00D5BCE2 /* MockedAdDetailInteractor.swift */,
				1EC0DE6F28F6C57000D5BCE2 /* MockedAdDetailView.swift */,
				1EC0DE7128F6C5DB00D5BCE2 /* ModedAdDetailRouter.swift */,
			);
			path = Mock;
			sourceTree = "<group>";
		};
		1EC0DE7328F6F13200D5BCE2 /* AdsList */ = {
			isa = PBXGroup;
			children = (
				1EC0DE7428F6F14100D5BCE2 /* Mock */,
				1EC0DE7A28F6F75E00D5BCE2 /* AdsListInteractorTest.swift */,
			);
			path = AdsList;
			sourceTree = "<group>";
		};
		1EC0DE7428F6F14100D5BCE2 /* Mock */ = {
			isa = PBXGroup;
			children = (
				1EC0DE7628F6F18600D5BCE2 /* MockedAdsListPresenter.swift */,
				1EC0DE7C28F6F7B800D5BCE2 /* MockedNetworkService.swift */,
			);
			path = Mock;
			sourceTree = "<group>";
		};
		1EC0DE7528F6F14800D5BCE2 /* NetworkService */ = {
			isa = PBXGroup;
			children = (
				1E8A23B228F18DE900ABCA5F /* Mock */,
				1E8A238B28F1847800ABCA5F /* NetworkServiceTests.swift */,
			);
			path = NetworkService;
			sourceTree = "<group>";
		};
		1EFE756128F4358200D5FA79 /* Models */ = {
			isa = PBXGroup;
			children = (
				1E8A23A628F1849B00ABCA5F /* AdsFilter.swift */,
				1E8A23A828F1849B00ABCA5F /* Category.swift */,
				1E8A23AA28F1849B00ABCA5F /* ClassifiedAd.swift */,
			);
			path = Models;
			sourceTree = "<group>";
		};
		1EFE756228F4358F00D5FA79 /* Cell */ = {
			isa = PBXGroup;
			children = (
				1E8A240D28F30BBD00ABCA5F /* AdCollectionViewCell.swift */,
			);
			path = Cell;
			sourceTree = "<group>";
		};
/* End PBXGroup section */

/* Begin PBXNativeTarget section */
		1E8A237028F1847600ABCA5F /* QuickAds */ = {
			isa = PBXNativeTarget;
			buildConfigurationList = 1E8A239B28F1847800ABCA5F /* Build configuration list for PBXNativeTarget "QuickAds" */;
			buildPhases = (
				1E8A236D28F1847600ABCA5F /* Sources */,
				1E8A236E28F1847600ABCA5F /* Frameworks */,
				1E8A236F28F1847600ABCA5F /* Resources */,
			);
			buildRules = (
			);
			dependencies = (
			);
			name = QuickAds;
			productName = QuickAds;
			productReference = 1E8A237128F1847600ABCA5F /* QuickAds.app */;
			productType = "com.apple.product-type.application";
		};
		1E8A238628F1847800ABCA5F /* QuickAdsTests */ = {
			isa = PBXNativeTarget;
			buildConfigurationList = 1E8A239E28F1847800ABCA5F /* Build configuration list for PBXNativeTarget "QuickAdsTests" */;
			buildPhases = (
				1E8A238328F1847800ABCA5F /* Sources */,
				1E8A238428F1847800ABCA5F /* Frameworks */,
				1E8A238528F1847800ABCA5F /* Resources */,
			);
			buildRules = (
			);
			dependencies = (
				1E8A238928F1847800ABCA5F /* PBXTargetDependency */,
			);
			name = QuickAdsTests;
			productName = QuickAdsTests;
			productReference = 1E8A238728F1847800ABCA5F /* QuickAdsTests.xctest */;
			productType = "com.apple.product-type.bundle.unit-test";
		};
		1E8A239028F1847800ABCA5F /* QuickAdsUITests */ = {
			isa = PBXNativeTarget;
			buildConfigurationList = 1E8A23A128F1847800ABCA5F /* Build configuration list for PBXNativeTarget "QuickAdsUITests" */;
			buildPhases = (
				1E8A238D28F1847800ABCA5F /* Sources */,
				1E8A238E28F1847800ABCA5F /* Frameworks */,
				1E8A238F28F1847800ABCA5F /* Resources */,
			);
			buildRules = (
			);
			dependencies = (
				1E8A239328F1847800ABCA5F /* PBXTargetDependency */,
			);
			name = QuickAdsUITests;
			productName = QuickAdsUITests;
			productReference = 1E8A239128F1847800ABCA5F /* QuickAdsUITests.xctest */;
			productType = "com.apple.product-type.bundle.ui-testing";
		};
/* End PBXNativeTarget section */

/* Begin PBXProject section */
		1E8A236928F1847600ABCA5F /* Project object */ = {
			isa = PBXProject;
			attributes = {
				BuildIndependentTargetsInParallel = 1;
				LastSwiftUpdateCheck = 1340;
				LastUpgradeCheck = 1340;
				TargetAttributes = {
					1E8A237028F1847600ABCA5F = {
						CreatedOnToolsVersion = 13.4.1;
					};
					1E8A238628F1847800ABCA5F = {
						CreatedOnToolsVersion = 13.4.1;
						TestTargetID = 1E8A237028F1847600ABCA5F;
					};
					1E8A239028F1847800ABCA5F = {
						CreatedOnToolsVersion = 13.4.1;
						TestTargetID = 1E8A237028F1847600ABCA5F;
					};
				};
			};
			buildConfigurationList = 1E8A236C28F1847600ABCA5F /* Build configuration list for PBXProject "QuickAds" */;
			compatibilityVersion = "Xcode 13.0";
			developmentRegion = en;
			hasScannedForEncodings = 0;
			knownRegions = (
				en,
				Base,
			);
			mainGroup = 1E8A236828F1847600ABCA5F;
			productRefGroup = 1E8A237228F1847600ABCA5F /* Products */;
			projectDirPath = "";
			projectRoot = "";
			targets = (
				1E8A237028F1847600ABCA5F /* QuickAds */,
				1E8A238628F1847800ABCA5F /* QuickAdsTests */,
				1E8A239028F1847800ABCA5F /* QuickAdsUITests */,
			);
		};
/* End PBXProject section */

/* Begin PBXResourcesBuildPhase section */
		1E8A236F28F1847600ABCA5F /* Resources */ = {
			isa = PBXResourcesBuildPhase;
			buildActionMask = 2147483647;
			files = (
				1E04203A28F5875A009998A9 /* Colors.xcassets in Resources */,
				1E8A237E28F1847800ABCA5F /* Assets.xcassets in Resources */,
				1E8A23FC28F2F1A800ABCA5F /* LaunchScreen.storyboard in Resources */,
			);
			runOnlyForDeploymentPostprocessing = 0;
		};
		1E8A238528F1847800ABCA5F /* Resources */ = {
			isa = PBXResourcesBuildPhase;
			buildActionMask = 2147483647;
			files = (
			);
			runOnlyForDeploymentPostprocessing = 0;
		};
		1E8A238F28F1847800ABCA5F /* Resources */ = {
			isa = PBXResourcesBuildPhase;
			buildActionMask = 2147483647;
			files = (
			);
			runOnlyForDeploymentPostprocessing = 0;
		};
/* End PBXResourcesBuildPhase section */

/* Begin PBXSourcesBuildPhase section */
		1E8A236D28F1847600ABCA5F /* Sources */ = {
			isa = PBXSourcesBuildPhase;
			buildActionMask = 2147483647;
			files = (
				1E04203828F4D1E4009998A9 /* CategoryButton.swift in Sources */,
				1E8A23AE28F1849B00ABCA5F /* AdsFilter.swift in Sources */,
				1E8A240728F2F33100ABCA5F /* AdsListRouter.swift in Sources */,
				1E8A240928F2F33100ABCA5F /* AdsListInteractor.swift in Sources */,
				1EC0DE6428F6A67C00D5BCE2 /* UIView+ConstraintMaker.swift in Sources */,
				1EC0DE6628F6BB0700D5BCE2 /* AdModel.swift in Sources */,
				1E8A23B828F2D8D900ABCA5F /* MainCoordinator.swift in Sources */,
				1E04202D28F47CB7009998A9 /* AdDetailInteractor.swift in Sources */,
				1E04202E28F47CB7009998A9 /* AdDetailView.swift in Sources */,
				1E04202B28F47CB7009998A9 /* AdDetailRouter.swift in Sources */,
				1E8A23B028F1849B00ABCA5F /* ClassifiedAd.swift in Sources */,
				1E8A23AF28F1849B00ABCA5F /* Category.swift in Sources */,
				1E8A240E28F30BBD00ABCA5F /* AdCollectionViewCell.swift in Sources */,
				1E8A240A28F2F33100ABCA5F /* AdsListView.swift in Sources */,
				1E04202C28F47CB7009998A9 /* AdDetailProtocols.swift in Sources */,
				1E8A240628F2F33100ABCA5F /* AdsListPresenter.swift in Sources */,
				1E04202F28F47CB7009998A9 /* AdDetailViewModel.swift in Sources */,
				1E8A240B28F2F33100ABCA5F /* AdsListViewModel.swift in Sources */,
				1E04203C28F588DF009998A9 /* Colors.swift in Sources */,
				1E8A241128F30DCD00ABCA5F /* ConstraintMaker.swift in Sources */,
				1E8A237528F1847600ABCA5F /* AppDelegate.swift in Sources */,
				1E8A240828F2F33100ABCA5F /* AdsListProtocols.swift in Sources */,
				1EFE756028F4355A00D5FA79 /* CategoriesFilterView.swift in Sources */,
				1E8A23B128F1849B00ABCA5F /* NetworkService.swift in Sources */,
				1EFE755E28F3321D00D5FA79 /* UIImageView+AsyncLoading.swift in Sources */,
				1E8A241328F3154B00ABCA5F /* ViewFactory.swift in Sources */,
				1E04202A28F47CB7009998A9 /* AdDetailPresenter.swift in Sources */,
			);
			runOnlyForDeploymentPostprocessing = 0;
		};
		1E8A238328F1847800ABCA5F /* Sources */ = {
			isa = PBXSourcesBuildPhase;
			buildActionMask = 2147483647;
			files = (
				1EC0DE6928F6BE9C00D5BCE2 /* AdDetailRouterTests.swift in Sources */,
				1EC0DE7B28F6F75E00D5BCE2 /* AdsListInteractorTest.swift in Sources */,
				1EC0DE7D28F6F7B800D5BCE2 /* MockedNetworkService.swift in Sources */,
				1EC0DE7028F6C57000D5BCE2 /* MockedAdDetailView.swift in Sources */,
				1E8A23B628F196D600ABCA5F /* MockedURLSession.swift in Sources */,
				1EC0DE6E28F6C4CC00D5BCE2 /* MockedAdDetailInteractor.swift in Sources */,
				1E8A238C28F1847800ABCA5F /* NetworkServiceTests.swift in Sources */,
				1E8A23B428F18E3B00ABCA5F /* MockedDecoder.swift in Sources */,
				1EC0DE7728F6F18600D5BCE2 /* MockedAdsListPresenter.swift in Sources */,
				1EC0DE7228F6C5DC00D5BCE2 /* ModedAdDetailRouter.swift in Sources */,
				1EC0DE6B28F6C39E00D5BCE2 /* AdDetailsPresenterTests.swift in Sources */,
			);
			runOnlyForDeploymentPostprocessing = 0;
		};
		1E8A238D28F1847800ABCA5F /* Sources */ = {
			isa = PBXSourcesBuildPhase;
			buildActionMask = 2147483647;
			files = (
				1E8A239828F1847800ABCA5F /* QuickAdsUITestsLaunchTests.swift in Sources */,
				1E8A239628F1847800ABCA5F /* QuickAdsUITests.swift in Sources */,
			);
			runOnlyForDeploymentPostprocessing = 0;
		};
/* End PBXSourcesBuildPhase section */

/* Begin PBXTargetDependency section */
		1E8A238928F1847800ABCA5F /* PBXTargetDependency */ = {
			isa = PBXTargetDependency;
			target = 1E8A237028F1847600ABCA5F /* QuickAds */;
			targetProxy = 1E8A238828F1847800ABCA5F /* PBXContainerItemProxy */;
		};
		1E8A239328F1847800ABCA5F /* PBXTargetDependency */ = {
			isa = PBXTargetDependency;
			target = 1E8A237028F1847600ABCA5F /* QuickAds */;
			targetProxy = 1E8A239228F1847800ABCA5F /* PBXContainerItemProxy */;
		};
/* End PBXTargetDependency section */

/* Begin XCBuildConfiguration section */
		1E8A239928F1847800ABCA5F /* Debug */ = {
			isa = XCBuildConfiguration;
			buildSettings = {
				ALWAYS_SEARCH_USER_PATHS = NO;
				CLANG_ANALYZER_NONNULL = YES;
				CLANG_ANALYZER_NUMBER_OBJECT_CONVERSION = YES_AGGRESSIVE;
				CLANG_CXX_LANGUAGE_STANDARD = "gnu++17";
				CLANG_ENABLE_MODULES = YES;
				CLANG_ENABLE_OBJC_ARC = YES;
				CLANG_ENABLE_OBJC_WEAK = YES;
				CLANG_WARN_BLOCK_CAPTURE_AUTORELEASING = YES;
				CLANG_WARN_BOOL_CONVERSION = YES;
				CLANG_WARN_COMMA = YES;
				CLANG_WARN_CONSTANT_CONVERSION = YES;
				CLANG_WARN_DEPRECATED_OBJC_IMPLEMENTATIONS = YES;
				CLANG_WARN_DIRECT_OBJC_ISA_USAGE = YES_ERROR;
				CLANG_WARN_DOCUMENTATION_COMMENTS = YES;
				CLANG_WARN_EMPTY_BODY = YES;
				CLANG_WARN_ENUM_CONVERSION = YES;
				CLANG_WARN_INFINITE_RECURSION = YES;
				CLANG_WARN_INT_CONVERSION = YES;
				CLANG_WARN_NON_LITERAL_NULL_CONVERSION = YES;
				CLANG_WARN_OBJC_IMPLICIT_RETAIN_SELF = YES;
				CLANG_WARN_OBJC_LITERAL_CONVERSION = YES;
				CLANG_WARN_OBJC_ROOT_CLASS = YES_ERROR;
				CLANG_WARN_QUOTED_INCLUDE_IN_FRAMEWORK_HEADER = YES;
				CLANG_WARN_RANGE_LOOP_ANALYSIS = YES;
				CLANG_WARN_STRICT_PROTOTYPES = YES;
				CLANG_WARN_SUSPICIOUS_MOVE = YES;
				CLANG_WARN_UNGUARDED_AVAILABILITY = YES_AGGRESSIVE;
				CLANG_WARN_UNREACHABLE_CODE = YES;
				CLANG_WARN__DUPLICATE_METHOD_MATCH = YES;
				COPY_PHASE_STRIP = NO;
				DEBUG_INFORMATION_FORMAT = dwarf;
				ENABLE_STRICT_OBJC_MSGSEND = YES;
				ENABLE_TESTABILITY = YES;
				GCC_C_LANGUAGE_STANDARD = gnu11;
				GCC_DYNAMIC_NO_PIC = NO;
				GCC_NO_COMMON_BLOCKS = YES;
				GCC_OPTIMIZATION_LEVEL = 0;
				GCC_PREPROCESSOR_DEFINITIONS = (
					"DEBUG=1",
					"$(inherited)",
				);
				GCC_WARN_64_TO_32_BIT_CONVERSION = YES;
				GCC_WARN_ABOUT_RETURN_TYPE = YES_ERROR;
				GCC_WARN_UNDECLARED_SELECTOR = YES;
				GCC_WARN_UNINITIALIZED_AUTOS = YES_AGGRESSIVE;
				GCC_WARN_UNUSED_FUNCTION = YES;
				GCC_WARN_UNUSED_VARIABLE = YES;
				IPHONEOS_DEPLOYMENT_TARGET = 14.0;
				MTL_ENABLE_DEBUG_INFO = INCLUDE_SOURCE;
				MTL_FAST_MATH = YES;
				ONLY_ACTIVE_ARCH = YES;
				SDKROOT = iphoneos;
				SWIFT_ACTIVE_COMPILATION_CONDITIONS = DEBUG;
				SWIFT_OPTIMIZATION_LEVEL = "-Onone";
			};
			name = Debug;
		};
		1E8A239A28F1847800ABCA5F /* Release */ = {
			isa = XCBuildConfiguration;
			buildSettings = {
				ALWAYS_SEARCH_USER_PATHS = NO;
				CLANG_ANALYZER_NONNULL = YES;
				CLANG_ANALYZER_NUMBER_OBJECT_CONVERSION = YES_AGGRESSIVE;
				CLANG_CXX_LANGUAGE_STANDARD = "gnu++17";
				CLANG_ENABLE_MODULES = YES;
				CLANG_ENABLE_OBJC_ARC = YES;
				CLANG_ENABLE_OBJC_WEAK = YES;
				CLANG_WARN_BLOCK_CAPTURE_AUTORELEASING = YES;
				CLANG_WARN_BOOL_CONVERSION = YES;
				CLANG_WARN_COMMA = YES;
				CLANG_WARN_CONSTANT_CONVERSION = YES;
				CLANG_WARN_DEPRECATED_OBJC_IMPLEMENTATIONS = YES;
				CLANG_WARN_DIRECT_OBJC_ISA_USAGE = YES_ERROR;
				CLANG_WARN_DOCUMENTATION_COMMENTS = YES;
				CLANG_WARN_EMPTY_BODY = YES;
				CLANG_WARN_ENUM_CONVERSION = YES;
				CLANG_WARN_INFINITE_RECURSION = YES;
				CLANG_WARN_INT_CONVERSION = YES;
				CLANG_WARN_NON_LITERAL_NULL_CONVERSION = YES;
				CLANG_WARN_OBJC_IMPLICIT_RETAIN_SELF = YES;
				CLANG_WARN_OBJC_LITERAL_CONVERSION = YES;
				CLANG_WARN_OBJC_ROOT_CLASS = YES_ERROR;
				CLANG_WARN_QUOTED_INCLUDE_IN_FRAMEWORK_HEADER = YES;
				CLANG_WARN_RANGE_LOOP_ANALYSIS = YES;
				CLANG_WARN_STRICT_PROTOTYPES = YES;
				CLANG_WARN_SUSPICIOUS_MOVE = YES;
				CLANG_WARN_UNGUARDED_AVAILABILITY = YES_AGGRESSIVE;
				CLANG_WARN_UNREACHABLE_CODE = YES;
				CLANG_WARN__DUPLICATE_METHOD_MATCH = YES;
				COPY_PHASE_STRIP = NO;
				DEBUG_INFORMATION_FORMAT = "dwarf-with-dsym";
				ENABLE_NS_ASSERTIONS = NO;
				ENABLE_STRICT_OBJC_MSGSEND = YES;
				GCC_C_LANGUAGE_STANDARD = gnu11;
				GCC_NO_COMMON_BLOCKS = YES;
				GCC_WARN_64_TO_32_BIT_CONVERSION = YES;
				GCC_WARN_ABOUT_RETURN_TYPE = YES_ERROR;
				GCC_WARN_UNDECLARED_SELECTOR = YES;
				GCC_WARN_UNINITIALIZED_AUTOS = YES_AGGRESSIVE;
				GCC_WARN_UNUSED_FUNCTION = YES;
				GCC_WARN_UNUSED_VARIABLE = YES;
				IPHONEOS_DEPLOYMENT_TARGET = 14.0;
				MTL_ENABLE_DEBUG_INFO = NO;
				MTL_FAST_MATH = YES;
				SDKROOT = iphoneos;
				SWIFT_COMPILATION_MODE = wholemodule;
				SWIFT_OPTIMIZATION_LEVEL = "-O";
				VALIDATE_PRODUCT = YES;
			};
			name = Release;
		};
		1E8A239C28F1847800ABCA5F /* Debug */ = {
			isa = XCBuildConfiguration;
			buildSettings = {
				ASSETCATALOG_COMPILER_APPICON_NAME = AppIcon;
				ASSETCATALOG_COMPILER_GLOBAL_ACCENT_COLOR_NAME = AccentColor;
				CODE_SIGN_STYLE = Automatic;
				CURRENT_PROJECT_VERSION = 1;
				GENERATE_INFOPLIST_FILE = YES;
				INFOPLIST_FILE = QuickAds/Info.plist;
				INFOPLIST_KEY_UIApplicationSupportsIndirectInputEvents = YES;
				INFOPLIST_KEY_UILaunchStoryboardName = LaunchScreen;
				INFOPLIST_KEY_UISupportedInterfaceOrientations_iPad = "UIInterfaceOrientationPortrait UIInterfaceOrientationPortraitUpsideDown UIInterfaceOrientationLandscapeLeft UIInterfaceOrientationLandscapeRight";
				INFOPLIST_KEY_UISupportedInterfaceOrientations_iPhone = "UIInterfaceOrientationPortrait UIInterfaceOrientationLandscapeLeft UIInterfaceOrientationLandscapeRight";
				IPHONEOS_DEPLOYMENT_TARGET = 14.0;
				LD_RUNPATH_SEARCH_PATHS = (
					"$(inherited)",
					"@executable_path/Frameworks",
				);
				MARKETING_VERSION = 1.0;
				PRODUCT_BUNDLE_IDENTIFIER = lbc.test.QuickAds;
				PRODUCT_NAME = "$(TARGET_NAME)";
				SWIFT_EMIT_LOC_STRINGS = YES;
				SWIFT_VERSION = 5.0;
				TARGETED_DEVICE_FAMILY = "1,2";
			};
			name = Debug;
		};
		1E8A239D28F1847800ABCA5F /* Release */ = {
			isa = XCBuildConfiguration;
			buildSettings = {
				ASSETCATALOG_COMPILER_APPICON_NAME = AppIcon;
				ASSETCATALOG_COMPILER_GLOBAL_ACCENT_COLOR_NAME = AccentColor;
				CODE_SIGN_STYLE = Automatic;
				CURRENT_PROJECT_VERSION = 1;
				GENERATE_INFOPLIST_FILE = YES;
				INFOPLIST_FILE = QuickAds/Info.plist;
				INFOPLIST_KEY_UIApplicationSupportsIndirectInputEvents = YES;
				INFOPLIST_KEY_UILaunchStoryboardName = LaunchScreen;
				INFOPLIST_KEY_UISupportedInterfaceOrientations_iPad = "UIInterfaceOrientationPortrait UIInterfaceOrientationPortraitUpsideDown UIInterfaceOrientationLandscapeLeft UIInterfaceOrientationLandscapeRight";
				INFOPLIST_KEY_UISupportedInterfaceOrientations_iPhone = "UIInterfaceOrientationPortrait UIInterfaceOrientationLandscapeLeft UIInterfaceOrientationLandscapeRight";
				IPHONEOS_DEPLOYMENT_TARGET = 14.0;
				LD_RUNPATH_SEARCH_PATHS = (
					"$(inherited)",
					"@executable_path/Frameworks",
				);
				MARKETING_VERSION = 1.0;
				PRODUCT_BUNDLE_IDENTIFIER = lbc.test.QuickAds;
				PRODUCT_NAME = "$(TARGET_NAME)";
				SWIFT_EMIT_LOC_STRINGS = YES;
				SWIFT_VERSION = 5.0;
				TARGETED_DEVICE_FAMILY = "1,2";
			};
			name = Release;
		};
		1E8A239F28F1847800ABCA5F /* Debug */ = {
			isa = XCBuildConfiguration;
			buildSettings = {
				ALWAYS_EMBED_SWIFT_STANDARD_LIBRARIES = YES;
				BUNDLE_LOADER = "$(TEST_HOST)";
				CODE_SIGN_STYLE = Automatic;
				CURRENT_PROJECT_VERSION = 1;
				GENERATE_INFOPLIST_FILE = YES;
				IPHONEOS_DEPLOYMENT_TARGET = 14.0;
				MARKETING_VERSION = 1.0;
				PRODUCT_BUNDLE_IDENTIFIER = lbc.test.QuickAdsTests;
				PRODUCT_NAME = "$(TARGET_NAME)";
				SWIFT_EMIT_LOC_STRINGS = NO;
				SWIFT_VERSION = 5.0;
				TARGETED_DEVICE_FAMILY = "1,2";
				TEST_HOST = "$(BUILT_PRODUCTS_DIR)/QuickAds.app/QuickAds";
			};
			name = Debug;
		};
		1E8A23A028F1847800ABCA5F /* Release */ = {
			isa = XCBuildConfiguration;
			buildSettings = {
				ALWAYS_EMBED_SWIFT_STANDARD_LIBRARIES = YES;
				BUNDLE_LOADER = "$(TEST_HOST)";
				CODE_SIGN_STYLE = Automatic;
				CURRENT_PROJECT_VERSION = 1;
				GENERATE_INFOPLIST_FILE = YES;
				IPHONEOS_DEPLOYMENT_TARGET = 14.0;
				MARKETING_VERSION = 1.0;
				PRODUCT_BUNDLE_IDENTIFIER = lbc.test.QuickAdsTests;
				PRODUCT_NAME = "$(TARGET_NAME)";
				SWIFT_EMIT_LOC_STRINGS = NO;
				SWIFT_VERSION = 5.0;
				TARGETED_DEVICE_FAMILY = "1,2";
				TEST_HOST = "$(BUILT_PRODUCTS_DIR)/QuickAds.app/QuickAds";
			};
			name = Release;
		};
		1E8A23A228F1847800ABCA5F /* Debug */ = {
			isa = XCBuildConfiguration;
			buildSettings = {
				ALWAYS_EMBED_SWIFT_STANDARD_LIBRARIES = YES;
				CODE_SIGN_STYLE = Automatic;
				CURRENT_PROJECT_VERSION = 1;
				GENERATE_INFOPLIST_FILE = YES;
				MARKETING_VERSION = 1.0;
				PRODUCT_BUNDLE_IDENTIFIER = lbc.test.QuickAdsUITests;
				PRODUCT_NAME = "$(TARGET_NAME)";
				SWIFT_EMIT_LOC_STRINGS = NO;
				SWIFT_VERSION = 5.0;
				TARGETED_DEVICE_FAMILY = "1,2";
				TEST_TARGET_NAME = QuickAds;
			};
			name = Debug;
		};
		1E8A23A328F1847800ABCA5F /* Release */ = {
			isa = XCBuildConfiguration;
			buildSettings = {
				ALWAYS_EMBED_SWIFT_STANDARD_LIBRARIES = YES;
				CODE_SIGN_STYLE = Automatic;
				CURRENT_PROJECT_VERSION = 1;
				GENERATE_INFOPLIST_FILE = YES;
				MARKETING_VERSION = 1.0;
				PRODUCT_BUNDLE_IDENTIFIER = lbc.test.QuickAdsUITests;
				PRODUCT_NAME = "$(TARGET_NAME)";
				SWIFT_EMIT_LOC_STRINGS = NO;
				SWIFT_VERSION = 5.0;
				TARGETED_DEVICE_FAMILY = "1,2";
				TEST_TARGET_NAME = QuickAds;
			};
			name = Release;
		};
/* End XCBuildConfiguration section */

/* Begin XCConfigurationList section */
		1E8A236C28F1847600ABCA5F /* Build configuration list for PBXProject "QuickAds" */ = {
			isa = XCConfigurationList;
			buildConfigurations = (
				1E8A239928F1847800ABCA5F /* Debug */,
				1E8A239A28F1847800ABCA5F /* Release */,
			);
			defaultConfigurationIsVisible = 0;
			defaultConfigurationName = Release;
		};
		1E8A239B28F1847800ABCA5F /* Build configuration list for PBXNativeTarget "QuickAds" */ = {
			isa = XCConfigurationList;
			buildConfigurations = (
				1E8A239C28F1847800ABCA5F /* Debug */,
				1E8A239D28F1847800ABCA5F /* Release */,
			);
			defaultConfigurationIsVisible = 0;
			defaultConfigurationName = Release;
		};
		1E8A239E28F1847800ABCA5F /* Build configuration list for PBXNativeTarget "QuickAdsTests" */ = {
			isa = XCConfigurationList;
			buildConfigurations = (
				1E8A239F28F1847800ABCA5F /* Debug */,
				1E8A23A028F1847800ABCA5F /* Release */,
			);
			defaultConfigurationIsVisible = 0;
			defaultConfigurationName = Release;
		};
		1E8A23A128F1847800ABCA5F /* Build configuration list for PBXNativeTarget "QuickAdsUITests" */ = {
			isa = XCConfigurationList;
			buildConfigurations = (
				1E8A23A228F1847800ABCA5F /* Debug */,
				1E8A23A328F1847800ABCA5F /* Release */,
			);
			defaultConfigurationIsVisible = 0;
			defaultConfigurationName = Release;
		};
/* End XCConfigurationList section */
	};
	rootObject = 1E8A236928F1847600ABCA5F /* Project object */;
}
